{
  "name": "apex-market-machine-tests",
  "version": "0.1.0",
  "lockfileVersion": 2,
  "requires": true,
  "packages": {
    "": {
      "name": "apex-market-machine-tests",
      "version": "0.1.0",
      "license": "MIT",
      "devDependencies": {
        "http-server": "^14.1.1",
        "puppeteer": "^20.8.0"
      }
    },
    "node_modules/http-server": {
      "version": "14.1.1",
      "resolved": "https://registry.npmjs.org/http-server/-/http-server-14.1.1.tgz",
      "integrity": "sha512-3cg/pFkESVjq3kXDNOsAMVTfVwYSxfhiHJ4WOL3vT1/2BgX7bFqgX+CnB5xaVFqzQC9oiY/QW0fV8bKoGPxiQ==",
      "dev": true,
      "bin": {
        "http-server": "bin/http-server"
      }
    },
    "node_modules/puppeteer": {
      "version": "20.8.0",
      "resolved": "https://registry.npmjs.org/puppeteer/-/puppeteer-20.8.0.tgz",
      "integrity": "sha512-wNXF7fFrX1iMzLJoVAd0X2qyU8SN4LLDvP0LHXmRNzW6bfIv8zZCl8+vCpjJCzBBSm3TgF25tqgR+nw6fQjhWw==",
      "dev": true,
      "engines": {
        "node": ">=16"
      }
    }
  },
  "dependencies": {
    "http-server": {
      "version": "14.1.1",
      "resolved": "https://registry.npmjs.org/http-server/-/http-server-14.1.1.tgz",
      "integrity": "sha512-3cg/pFkESVjq3kXDNOsAMVTfVwYSxfhiHJ4WOL3vT1/2BgX7bFqgX+CnB5xaVFqzQC9oiY/QW0fV8bKoGPxiQ==",
      "dev": true
    },
    "puppeteer": {
      "version": "20.8.0",
      "resolved": "https://registry.npmjs.org/puppeteer/-/puppeteer-20.8.0.tgz",
      "integrity": "sha512-wNXF7fFrX1iMzLJoVAd0X2qyU8SN4LLDvP0LHXmRNzW6bfIv8zZCl8+vCpjJCzBBSm3TgF25tqgR+nw6fQjhWw==",
      "dev": true
    }
  }
}
